
Microsoft Visual Studio Solution File, Format Version 12.00
# Visual Studio Version 17
VisualStudioVersion = 17.9.34728.123
MinimumVisualStudioVersion = 10.0.40219.1
Project("{9A19103F-16F7-4668-BE54-9A1E7A4F7556}") = "QuizApp", "QuizApp\QuizApp.csproj", "{E74C8CB7-885E-4D08-ACC4-4E06DCA58083}"
EndProject
Project("{FAE04EC0-301F-11D3-BF4B-00C04F79EFBC}") = "QuizModelLibrary", "QuizModelLibrary\QuizModelLibrary.csproj", "{99584B83-4116-4FEF-A526-5570ED5A91FB}"
EndProject
Global
	GlobalSection(SolutionConfigurationPlatforms) = preSolution
		Debug|Any CPU = Debug|Any CPU
		Release|Any CPU = Release|Any CPU
	EndGlobalSection
	GlobalSection(ProjectConfigurationPlatforms) = postSolution
		{E74C8CB7-885E-4D08-ACC4-4E06DCA58083}.Debug|Any CPU.ActiveCfg = Debug|Any CPU
		{E74C8CB7-885E-4D08-ACC4-4E06DCA58083}.Debug|Any CPU.Build.0 = Debug|Any CPU
		{E74C8CB7-885E-4D08-ACC4-4E06DCA58083}.Release|Any CPU.ActiveCfg = Release|Any CPU
		{E74C8CB7-885E-4D08-ACC4-4E06DCA58083}.Release|Any CPU.Build.0 = Release|Any CPU
		{99584B83-4116-4FEF-A526-5570ED5A91FB}.Debug|Any CPU.ActiveCfg = Debug|Any CPU
		{99584B83-4116-4FEF-A526-5570ED5A91FB}.Debug|Any CPU.Build.0 = Debug|Any CPU
		{99584B83-4116-4FEF-A526-5570ED5A91FB}.Release|Any CPU.ActiveCfg = Release|Any CPU
		{99584B83-4116-4FEF-A526-5570ED5A91FB}.Release|Any CPU.Build.0 = Release|Any CPU
	EndGlobalSection
	GlobalSection(SolutionProperties) = preSolution
		HideSolutionNode = FALSE
	EndGlobalSection
	GlobalSection(ExtensibilityGlobals) = postSolution
		SolutionGuid = {F92149B0-589D-4BDB-A1B8-720ED214F3EF}
	EndGlobalSection
EndGlobal
